
Microsoft Visual Studio Solution File, Format Version 12.00
# Visual Studio Version 16
VisualStudioVersion = 16.0.30204.135
MinimumVisualStudioVersion = 10.0.40219.1
Project("{FAE04EC0-301F-11D3-BF4B-00C04F79EFBC}") = "Pry_1_0_winForms_apps", "1_0_WinForms_Apps\Pry_1_0_winForms_apps.csproj", "{72FFE933-E97D-47B3-960C-4A709F925291}"
EndProject
Project("{FAE04EC0-301F-11D3-BF4B-00C04F79EFBC}") = "Pry_1_1_ASP.Net_WFC", "1_1_asp.net_WFC\Pry_1_1_ASP.Net_WFC.csproj", "{1752B2D6-6B68-4278-9C3A-7E815DA930B4}"
EndProject
Project("{FAE04EC0-301F-11D3-BF4B-00C04F79EFBC}") = "Pry_2_WCF", "2_libr_WCF\Pry_2_WCF.csproj", "{6FDBB6D5-B9EE-4090-A0A9-199D132130B6}"
EndProject
Project("{FAE04EC0-301F-11D3-BF4B-00C04F79EFBC}") = "Pry_3_BL", "3_Pry_BL\Pry_3_BL.csproj", "{FD956780-5E92-435E-BB17-5AB90B7A9943}"
EndProject
Project("{FAE04EC0-301F-11D3-BF4B-00C04F79EFBC}") = "Pry_4_DAC", "4_libr_DAC\Pry_4_DAC.csproj", "{3A7A34FC-7461-467D-A153-9896E2CBF222}"
EndProject
Project("{FAE04EC0-301F-11D3-BF4B-00C04F79EFBC}") = "Pry_5_Utilitarios", "5_Pry_Utilitarios\Pry_5_Utilitarios.csproj", "{9A83C521-4221-4A77-90F6-15814D92B7FC}"
EndProject
Global
	GlobalSection(SolutionConfigurationPlatforms) = preSolution
		Debug|Any CPU = Debug|Any CPU
		Release|Any CPU = Release|Any CPU
	EndGlobalSection
	GlobalSection(ProjectConfigurationPlatforms) = postSolution
		{72FFE933-E97D-47B3-960C-4A709F925291}.Debug|Any CPU.ActiveCfg = Debug|Any CPU
		{72FFE933-E97D-47B3-960C-4A709F925291}.Debug|Any CPU.Build.0 = Debug|Any CPU
		{72FFE933-E97D-47B3-960C-4A709F925291}.Release|Any CPU.ActiveCfg = Release|Any CPU
		{72FFE933-E97D-47B3-960C-4A709F925291}.Release|Any CPU.Build.0 = Release|Any CPU
		{1752B2D6-6B68-4278-9C3A-7E815DA930B4}.Debug|Any CPU.ActiveCfg = Debug|Any CPU
		{1752B2D6-6B68-4278-9C3A-7E815DA930B4}.Debug|Any CPU.Build.0 = Debug|Any CPU
		{1752B2D6-6B68-4278-9C3A-7E815DA930B4}.Release|Any CPU.ActiveCfg = Release|Any CPU
		{1752B2D6-6B68-4278-9C3A-7E815DA930B4}.Release|Any CPU.Build.0 = Release|Any CPU
		{6FDBB6D5-B9EE-4090-A0A9-199D132130B6}.Debug|Any CPU.ActiveCfg = Debug|Any CPU
		{6FDBB6D5-B9EE-4090-A0A9-199D132130B6}.Debug|Any CPU.Build.0 = Debug|Any CPU
		{6FDBB6D5-B9EE-4090-A0A9-199D132130B6}.Release|Any CPU.ActiveCfg = Release|Any CPU
		{6FDBB6D5-B9EE-4090-A0A9-199D132130B6}.Release|Any CPU.Build.0 = Release|Any CPU
		{FD956780-5E92-435E-BB17-5AB90B7A9943}.Debug|Any CPU.ActiveCfg = Debug|Any CPU
		{FD956780-5E92-435E-BB17-5AB90B7A9943}.Debug|Any CPU.Build.0 = Debug|Any CPU
		{FD956780-5E92-435E-BB17-5AB90B7A9943}.Release|Any CPU.ActiveCfg = Release|Any CPU
		{FD956780-5E92-435E-BB17-5AB90B7A9943}.Release|Any CPU.Build.0 = Release|Any CPU
		{3A7A34FC-7461-467D-A153-9896E2CBF222}.Debug|Any CPU.ActiveCfg = Debug|Any CPU
		{3A7A34FC-7461-467D-A153-9896E2CBF222}.Debug|Any CPU.Build.0 = Debug|Any CPU
		{3A7A34FC-7461-467D-A153-9896E2CBF222}.Release|Any CPU.ActiveCfg = Release|Any CPU
		{3A7A34FC-7461-467D-A153-9896E2CBF222}.Release|Any CPU.Build.0 = Release|Any CPU
		{9A83C521-4221-4A77-90F6-15814D92B7FC}.Debug|Any CPU.ActiveCfg = Debug|Any CPU
		{9A83C521-4221-4A77-90F6-15814D92B7FC}.Debug|Any CPU.Build.0 = Debug|Any CPU
		{9A83C521-4221-4A77-90F6-15814D92B7FC}.Release|Any CPU.ActiveCfg = Release|Any CPU
		{9A83C521-4221-4A77-90F6-15814D92B7FC}.Release|Any CPU.Build.0 = Release|Any CPU
	EndGlobalSection
	GlobalSection(SolutionProperties) = preSolution
		HideSolutionNode = FALSE
	EndGlobalSection
	GlobalSection(ExtensibilityGlobals) = postSolution
		SolutionGuid = {B18EB730-EFCD-4EC9-8C0F-EA17C52A3052}
	EndGlobalSection
EndGlobal
